// !$*UTF8*$!
{
	archiveVersion = 1;
	classes = {
	};
	objectVersion = 46;
	objects = {

/* Begin PBXBuildFile section */
		F3FAE2D91DD9EAFC00CBB034 /* main.m in Sources */ = {isa = PBXBuildFile; fileRef = F3FAE2D81DD9EAFC00CBB034 /* main.m */; };
		F3FAE2DC1DD9EAFC00CBB034 /* AppDelegate.m in Sources */ = {isa = PBXBuildFile; fileRef = F3FAE2DB1DD9EAFC00CBB034 /* AppDelegate.m */; };
		F3FAE2DF1DD9EAFC00CBB034 /* ViewController.m in Sources */ = {isa = PBXBuildFile; fileRef = F3FAE2DE1DD9EAFC00CBB034 /* ViewController.m */; };
		F3FAE2E21DD9EAFC00CBB034 /* Main.storyboard in Resources */ = {isa = PBXBuildFile; fileRef = F3FAE2E01DD9EAFC00CBB034 /* Main.storyboard */; };
		F3FAE2E41DD9EAFC00CBB034 /* Assets.xcassets in Resources */ = {isa = PBXBuildFile; fileRef = F3FAE2E31DD9EAFC00CBB034 /* Assets.xcassets */; };
		F3FAE2E71DD9EAFC00CBB034 /* LaunchScreen.storyboard in Resources */ = {isa = PBXBuildFile; fileRef = F3FAE2E51DD9EAFC00CBB034 /* LaunchScreen.storyboard */; };
/* End PBXBuildFile section */

/* Begin PBXFileReference section */
		F3FAE2D41DD9EAFC00CBB034 /* WeLove.app */ = {isa = PBXFileReference; explicitFileType = wrapper.application; includeInIndex = 0; path = WeLove.app; sourceTree = BUILT_PRODUCTS_DIR; };
		F3FAE2D81DD9EAFC00CBB034 /* main.m */ = {isa = PBXFileReference; lastKnownFileType = sourcecode.c.objc; path = main.m; sourceTree = "<group>"; };
		F3FAE2DA1DD9EAFC00CBB034 /* AppDelegate.h */ = {isa = PBXFileReference; lastKnownFileType = sourcecode.c.h; path = AppDelegate.h; sourceTree = "<group>"; };
		F3FAE2DB1DD9EAFC00CBB034 /* AppDelegate.m */ = {isa = PBXFileReference; lastKnownFileType = sourcecode.c.objc; path = AppDelegate.m; sourceTree = "<group>"; };
		F3FAE2DD1DD9EAFC00CBB034 /* ViewController.h */ = {isa = PBXFileReference; lastKnownFileType = sourcecode.c.h; path = ViewController.h; sourceTree = "<group>"; };
		F3FAE2DE1DD9EAFC00CBB034 /* ViewController.m */ = {isa = PBXFileReference; lastKnownFileType = sourcecode.c.objc; path = ViewController.m; sourceTree = "<group>"; };
		F3FAE2E11DD9EAFC00CBB034 /* Base */ = {isa = PBXFileReference; lastKnownFileType = file.storyboard; name = Base; path = Base.lproj/Main.storyboard; sourceTree = "<group>"; };
		F3FAE2E31DD9EAFC00CBB034 /* Assets.xcassets */ = {isa = PBXFileReference; lastKnownFileType = folder.assetcatalog; path = Assets.xcassets; sourceTree = "<group>"; };
		F3FAE2E61DD9EAFC00CBB034 /* Base */ = {isa = PBXFileReference; lastKnownFileType = file.storyboard; name = Base; path = Base.lproj/LaunchScreen.storyboard; sourceTree = "<group>"; };
		F3FAE2E81DD9EAFC00CBB034 /* Info.plist */ = {isa = PBXFileReference; lastKnownFileType = text.plist.xml; path = Info.plist; sourceTree = "<group>"; };
/* End PBXFileReference section */

/* Begin PBXFrameworksBuildPhase section */
		F3FAE2D11DD9EAFC00CBB034 /* Frameworks */ = {
			isa = PBXFrameworksBuildPhase;
			buildActionMask = 2147483647;
			files = (
			);
			runOnlyForDeploymentPostprocessing = 0;
		};
/* End PBXFrameworksBuildPhase section */

/* Begin PBXGroup section */
		F3FAE2CB1DD9EAFC00CBB034 = {
			isa = PBXGroup;
			children = (
				F3FAE2D61DD9EAFC00CBB034 /* WeLove */,
				F3FAE2D51DD9EAFC00CBB034 /* Products */,
			);
			sourceTree = "<group>";
		};
		F3FAE2D51DD9EAFC00CBB034 /* Products */ = {
			isa = PBXGroup;
			children = (
				F3FAE2D41DD9EAFC00CBB034 /* WeLove.app */,
			);
			name = Products;
			sourceTree = "<group>";
		};
		F3FAE2D61DD9EAFC00CBB034 /* WeLove */ = {
			isa = PBXGroup;
			children = (
				F3FAE2DA1DD9EAFC00CBB034 /* AppDelegate.h */,
				F3FAE2DB1DD9EAFC00CBB034 /* AppDelegate.m */,
				F3FAE2DD1DD9EAFC00CBB034 /* ViewController.h */,
				F3FAE2DE1DD9EAFC00CBB034 /* ViewController.m */,
				F3FAE2E01DD9EAFC00CBB034 /* Main.storyboard */,
				F3FAE2E31DD9EAFC00CBB034 /* Assets.xcassets */,
				F3FAE2E51DD9EAFC00CBB034 /* LaunchScreen.storyboard */,
				F3FAE2E81DD9EAFC00CBB034 /* Info.plist */,
				F3FAE2D71DD9EAFC00CBB034 /* Supporting Files */,
			);
			path = WeLove;
			sourceTree = "<group>";
		};
		F3FAE2D71DD9EAFC00CBB034 /* Supporting Files */ = {
			isa = PBXGroup;
			children = (
				F3FAE2D81DD9EAFC00CBB034 /* main.m */,
			);
			name = "Supporting Files";
			sourceTree = "<group>";
		};
/* End PBXGroup section */

/* Begin PBXNativeTarget section */
		F3FAE2D31DD9EAFC00CBB034 /* WeLove */ = {
			isa = PBXNativeTarget;
			buildConfigurationList = F3FAE2EB1DD9EAFC00CBB034 /* Build configuration list for PBXNativeTarget "WeLove" */;
			buildPhases = (
				F3FAE2D01DD9EAFC00CBB034 /* Sources */,
				F3FAE2D11DD9EAFC00CBB034 /* Frameworks */,
				F3FAE2D21DD9EAFC00CBB034 /* Resources */,
			);
			buildRules = (
			);
			dependencies = (
			);
			name = WeLove;
			productName = WeLove;
			productReference = F3FAE2D41DD9EAFC00CBB034 /* WeLove.app */;
			productType = "com.apple.product-type.application";
		};
/* End PBXNativeTarget section */

/* Begin PBXProject section */
		F3FAE2CC1DD9EAFC00CBB034 /* Project object */ = {
			isa = PBXProject;
			attributes = {
				LastUpgradeCheck = 0810;
				ORGANIZATIONNAME = anqianmo;
				TargetAttributes = {
					F3FAE2D31DD9EAFC00CBB034 = {
						CreatedOnToolsVersion = 8.1;
						DevelopmentTeam = KK59AKUJZC;
						ProvisioningStyle = Automatic;
					};
				};
			};
			buildConfigurationList = F3FAE2CF1DD9EAFC00CBB034 /* Build configuration list for PBXProject "WeLove" */;
			compatibilityVersion = "Xcode 3.2";
			developmentRegion = English;
			hasScannedForEncodings = 0;
			knownRegions = (
				en,
				Base,
			);
			mainGroup = F3FAE2CB1DD9EAFC00CBB034;
			productRefGroup = F3FAE2D51DD9EAFC00CBB034 /* Products */;
			projectDirPath = "";
			projectRoot = "";
			targets = (
				F3FAE2D31DD9EAFC00CBB034 /* WeLove */,
			);
		};
/* End PBXProject section */

/* Begin PBXResourcesBuildPhase section */
		F3FAE2D21DD9EAFC00CBB034 /* Resources */ = {
			isa = PBXResourcesBuildPhase;
			buildActionMask = 2147483647;
			files = (
				F3FAE2E71DD9EAFC00CBB034 /* LaunchScreen.storyboard in Resources */,
				F3FAE2E41DD9EAFC00CBB034 /* Assets.xcassets in Resources */,
				F3FAE2E21DD9EAFC00CBB034 /* Main.storyboard in Resources */,
			);
			runOnlyForDeploymentPostprocessing = 0;
		};
/* End PBXResourcesBuildPhase section */

/* Begin PBXSourcesBuildPhase section */
		F3FAE2D01DD9EAFC00CBB034 /* Sources */ = {
			isa = PBXSourcesBuildPhase;
			buildActionMask = 2147483647;
			files = (
				F3FAE2DF1DD9EAFC00CBB034 /* ViewController.m in Sources */,
				F3FAE2DC1DD9EAFC00CBB034 /* AppDelegate.m in Sources */,
				F3FAE2D91DD9EAFC00CBB034 /* main.m in Sources */,
			);
			runOnlyForDeploymentPostprocessing = 0;
		};
/* End PBXSourcesBuildPhase section */

/* Begin PBXVariantGroup section */
		F3FAE2E01DD9EAFC00CBB034 /* Main.storyboard */ = {
			isa = PBXVariantGroup;
			children = (
				F3FAE2E11DD9EAFC00CBB034 /* Base */,
			);
			name = Main.storyboard;
			sourceTree = "<group>";
		};
		F3FAE2E51DD9EAFC00CBB034 /* LaunchScreen.storyboard */ = {
			isa = PBXVariantGroup;
			children = (
				F3FAE2E61DD9EAFC00CBB034 /* Base */,
			);
			name = LaunchScreen.storyboard;
			sourceTree = "<group>";
		};
/* End PBXVariantGroup section */

/* Begin XCBuildConfiguration section */
		F3FAE2E91DD9EAFC00CBB034 /* Debug */ = {
			isa = XCBuildConfiguration;
			buildSettings = {
				ALWAYS_SEARCH_USER_PATHS = NO;
				CLANG_ANALYZER_NONNULL = YES;
				CLANG_CXX_LANGUAGE_STANDARD = "gnu++0x";
				CLANG_CXX_LIBRARY = "libc++";
				CLANG_ENABLE_MODULES = YES;
				CLANG_ENABLE_OBJC_ARC = YES;
				CLANG_WARN_BOOL_CONVERSION = YES;
				CLANG_WARN_CONSTANT_CONVERSION = YES;
				CLANG_WARN_DIRECT_OBJC_ISA_USAGE = YES_ERROR;
				CLANG_WARN_DOCUMENTATION_COMMENTS = YES;
				CLANG_WARN_EMPTY_BODY = YES;
				CLANG_WARN_ENUM_CONVERSION = YES;
				CLANG_WARN_INFINITE_RECURSION = YES;
				CLANG_WARN_INT_CONVERSION = YES;
				CLANG_WARN_OBJC_ROOT_CLASS = YES_ERROR;
				CLANG_WARN_SUSPICIOUS_MOVES = YES;
				CLANG_WARN_UNREACHABLE_CODE = YES;
				CLANG_WARN__DUPLICATE_METHOD_MATCH = YES;
				"CODE_SIGN_IDENTITY[sdk=iphoneos*]" = "iPhone Developer";
				COPY_PHASE_STRIP = NO;
				DEBUG_INFORMATION_FORMAT = dwarf;
				ENABLE_STRICT_OBJC_MSGSEND = YES;
				ENABLE_TESTABILITY = YES;
				GCC_C_LANGUAGE_STANDARD = gnu99;
				GCC_DYNAMIC_NO_PIC = NO;
				GCC_NO_COMMON_BLOCKS = YES;
				GCC_OPTIMIZATION_LEVEL = 0;
				GCC_PREPROCESSOR_DEFINITIONS = (
					"DEBUG=1",
					"$(inherited)",
				);
				GCC_WARN_64_TO_32_BIT_CONVERSION = YES;
				GCC_WARN_ABOUT_RETURN_TYPE = YES_ERROR;
				GCC_WARN_UNDECLARED_SELECTOR = YES;
				GCC_WARN_UNINITIALIZED_AUTOS = YES_AGGRESSIVE;
				GCC_WARN_UNUSED_FUNCTION = YES;
				GCC_WARN_UNUSED_VARIABLE = YES;
				IPHONEOS_DEPLOYMENT_TARGET = 10.1;
				MTL_ENABLE_DEBUG_INFO = YES;
				ONLY_ACTIVE_ARCH = YES;
				SDKROOT = iphoneos;
			};
			name = Debug;
		};
		F3FAE2EA1DD9EAFC00CBB034 /* Release */ = {
			isa = XCBuildConfiguration;
			buildSettings = {
				ALWAYS_SEARCH_USER_PATHS = NO;
				CLANG_ANALYZER_NONNULL = YES;
				CLANG_CXX_LANGUAGE_STANDARD = "gnu++0x";
				CLANG_CXX_LIBRARY = "libc++";
				CLANG_ENABLE_MODULES = YES;
				CLANG_ENABLE_OBJC_ARC = YES;
				CLANG_WARN_BOOL_CONVERSION = YES;
				CLANG_WARN_CONSTANT_CONVERSION = YES;
				CLANG_WARN_DIRECT_OBJC_ISA_USAGE = YES_ERROR;
				CLANG_WARN_DOCUMENTATION_COMMENTS = YES;
				CLANG_WARN_EMPTY_BODY = YES;
				CLANG_WARN_ENUM_CONVERSION = YES;
				CLANG_WARN_INFINITE_RECURSION = YES;
				CLANG_WARN_INT_CONVERSION = YES;
				CLANG_WARN_OBJC_ROOT_CLASS = YES_ERROR;
				CLANG_WARN_SUSPICIOUS_MOVES = YES;
				CLANG_WARN_UNREACHABLE_CODE = YES;
				CLANG_WARN__DUPLICATE_METHOD_MATCH = YES;
				"CODE_SIGN_IDENTITY[sdk=iphoneos*]" = "iPhone Developer";
				COPY_PHASE_STRIP = NO;
				DEBUG_INFORMATION_FORMAT = "dwarf-with-dsym";
				ENABLE_NS_ASSERTIONS = NO;
				ENABLE_STRICT_OBJC_MSGSEND = YES;
				GCC_C_LANGUAGE_STANDARD = gnu99;
				GCC_NO_COMMON_BLOCKS = YES;
				GCC_WARN_64_TO_32_BIT_CONVERSION = YES;
				GCC_WARN_ABOUT_RETURN_TYPE = YES_ERROR;
				GCC_WARN_UNDECLARED_SELECTOR = YES;
				GCC_WARN_UNINITIALIZED_AUTOS = YES_AGGRESSIVE;
				GCC_WARN_UNUSED_FUNCTION = YES;
				GCC_WARN_UNUSED_VARIABLE = YES;
				IPHONEOS_DEPLOYMENT_TARGET = 10.1;
				MTL_ENABLE_DEBUG_INFO = NO;
				SDKROOT = iphoneos;
				VALIDATE_PRODUCT = YES;
			};
			name = Release;
		};
		F3FAE2EC1DD9EAFC00CBB034 /* Debug */ = {
			isa = XCBuildConfiguration;
			buildSettings = {
				ASSETCATALOG_COMPILER_APPICON_NAME = AppIcon;
				DEVELOPMENT_TEAM = KK59AKUJZC;
				INFOPLIST_FILE = WeLove/Info.plist;
				LD_RUNPATH_SEARCH_PATHS = "$(inherited) @executable_path/Frameworks";
				PRODUCT_BUNDLE_IDENTIFIER = com.qianmo.WeLove;
				PRODUCT_NAME = "$(TARGET_NAME)";
			};
			name = Debug;
		};
		F3FAE2ED1DD9EAFC00CBB034 /* Release */ = {
			isa = XCBuildConfiguration;
			buildSettings = {
				ASSETCATALOG_COMPILER_APPICON_NAME = AppIcon;
				DEVELOPMENT_TEAM = KK59AKUJZC;
				INFOPLIST_FILE = WeLove/Info.plist;
				LD_RUNPATH_SEARCH_PATHS = "$(inherited) @executable_path/Frameworks";
				PRODUCT_BUNDLE_IDENTIFIER = com.qianmo.WeLove;
				PRODUCT_NAME = "$(TARGET_NAME)";
			};
			name = Release;
		};
/* End XCBuildConfiguration section */

/* Begin XCConfigurationList section */
		F3FAE2CF1DD9EAFC00CBB034 /* Build configuration list for PBXProject "WeLove" */ = {
			isa = XCConfigurationList;
			buildConfigurations = (
				F3FAE2E91DD9EAFC00CBB034 /* Debug */,
				F3FAE2EA1DD9EAFC00CBB034 /* Release */,
			);
			defaultConfigurationIsVisible = 0;
			defaultConfigurationName = Release;
		};
		F3FAE2EB1DD9EAFC00CBB034 /* Build configuration list for PBXNativeTarget "WeLove" */ = {
			isa = XCConfigurationList;
			buildConfigurations = (
				F3FAE2EC1DD9EAFC00CBB034 /* Debug */,
				F3FAE2ED1DD9EAFC00CBB034 /* Release */,
			);
			defaultConfigurationIsVisible = 0;
		};
/* End XCConfigurationList section */
	};
	rootObject = F3FAE2CC1DD9EAFC00CBB034 /* Project object */;
}
